// !$*UTF8*$!
{
	archiveVersion = 1;
	classes = {
	};
	objectVersion = 56;
	objects = {

/* Begin PBXBuildFile section */
		FA32A8502CDFA6D1009DF9F1 /* Foundation.framework in Frameworks */ = {isa = PBXBuildFile; fileRef = FA32A84F2CDFA6D1009DF9F1 /* Foundation.framework */; };
		FA32A8522CDFA6D1009DF9F1 /* UIKit.framework in Frameworks */ = {isa = PBXBuildFile; fileRef = FA32A8512CDFA6D1009DF9F1 /* UIKit.framework */; };
		FA32A85A2CDFA6D1009DF9F1 /* antforest.mm in Sources */ = {isa = PBXBuildFile; fileRef = FA32A8592CDFA6D1009DF9F1 /* antforest.mm */; };
		FA32A8AD2CDFAA50009DF9F1 /* AntForestManager.h in Headers */ = {isa = PBXBuildFile; fileRef = FA32A8AB2CDFAA50009DF9F1 /* AntForestManager.h */; };
		FA32A8AE2CDFAA50009DF9F1 /* AntForestManager.m in Sources */ = {isa = PBXBuildFile; fileRef = FA32A8AC2CDFAA50009DF9F1 /* AntForestManager.m */; };
		FAB1AB822CE1C19C00877598 /* Tool.m in Sources */ = {isa = PBXBuildFile; fileRef = FAB1AB7D2CE1C19C00877598 /* Tool.m */; };
		FAB1AB832CE1C19C00877598 /* UIView+Toast.h in Headers */ = {isa = PBXBuildFile; fileRef = FAB1AB7E2CE1C19C00877598 /* UIView+Toast.h */; };
		FAB1AB842CE1C19C00877598 /* Tool.h in Headers */ = {isa = PBXBuildFile; fileRef = FAB1AB7F2CE1C19C00877598 /* Tool.h */; };
		FAB1AB852CE1C19C00877598 /* XMLReader.m in Sources */ = {isa = PBXBuildFile; fileRef = FAB1AB802CE1C19C00877598 /* XMLReader.m */; };
		FAB1AB862CE1C19C00877598 /* UIView+Toast.m in Sources */ = {isa = PBXBuildFile; fileRef = FAB1AB812CE1C19C00877598 /* UIView+Toast.m */; };
		FAB1AB8A2CE1C30200877598 /* CoreGraphics.framework in Frameworks */ = {isa = PBXBuildFile; fileRef = FAB1AB892CE1C30200877598 /* CoreGraphics.framework */; };
		FAB1AB8D2CE1E44A00877598 /* BgRun.h in Headers */ = {isa = PBXBuildFile; fileRef = FAB1AB8B2CE1E44A00877598 /* BgRun.h */; };
		FAB1AB8E2CE1E44A00877598 /* BgRun.m in Sources */ = {isa = PBXBuildFile; fileRef = FAB1AB8C2CE1E44A00877598 /* BgRun.m */; };
		FAB1AB902CE1E6D600877598 /* AVFAudio.framework in Frameworks */ = {isa = PBXBuildFile; fileRef = FAB1AB8F2CE1E6D600877598 /* AVFAudio.framework */; };
		FAB1AB932CE22D0600877598 /* blankcaf.h in Headers */ = {isa = PBXBuildFile; fileRef = FAB1AB912CE22D0500877598 /* blankcaf.h */; };
		FAB1AB942CE22D0600877598 /* beginwav.h in Headers */ = {isa = PBXBuildFile; fileRef = FAB1AB922CE22D0600877598 /* beginwav.h */; };
/* End PBXBuildFile section */

/* Begin PBXFileReference section */
		FA32A84C2CDFA6D1009DF9F1 /* antforest.dylib */ = {isa = PBXFileReference; explicitFileType = "compiled.mach-o.dylib"; includeInIndex = 0; path = antforest.dylib; sourceTree = BUILT_PRODUCTS_DIR; };
		FA32A84F2CDFA6D1009DF9F1 /* Foundation.framework */ = {isa = PBXFileReference; lastKnownFileType = wrapper.framework; name = Foundation.framework; path = System/Library/Frameworks/Foundation.framework; sourceTree = SDKROOT; };
		FA32A8512CDFA6D1009DF9F1 /* UIKit.framework */ = {isa = PBXFileReference; lastKnownFileType = wrapper.framework; name = UIKit.framework; path = System/Library/Frameworks/UIKit.framework; sourceTree = SDKROOT; };
		FA32A8562CDFA6D1009DF9F1 /* control */ = {isa = PBXFileReference; lastKnownFileType = text; path = control; sourceTree = "<group>"; };
		FA32A8582CDFA6D1009DF9F1 /* antforest-Prefix.pch */ = {isa = PBXFileReference; lastKnownFileType = sourcecode.c.h; name = "antforest-Prefix.pch"; path = "../antforest-Prefix.pch"; sourceTree = "<group>"; };
		FA32A8592CDFA6D1009DF9F1 /* antforest.mm */ = {isa = PBXFileReference; lastKnownFileType = sourcecode.cpp.objcpp; path = antforest.mm; sourceTree = "<group>"; };
		FA32A85E2CDFA6D1009DF9F1 /* antforest.plist */ = {isa = PBXFileReference; lastKnownFileType = text.plist.xml; path = antforest.plist; sourceTree = "<group>"; };
		FA32A8662CDFA8F3009DF9F1 /* H5WebViewController.h */ = {isa = PBXFileReference; lastKnownFileType = sourcecode.c.h; path = H5WebViewController.h; sourceTree = "<group>"; };
		FA32A8672CDFA8F3009DF9F1 /* DTViewController.h */ = {isa = PBXFileReference; lastKnownFileType = sourcecode.c.h; path = DTViewController.h; sourceTree = "<group>"; };
		FA32A8692CDFA8F3009DF9F1 /* PSDView.h */ = {isa = PBXFileReference; lastKnownFileType = sourcecode.c.h; path = PSDView.h; sourceTree = "<group>"; };
		FA32A86A2CDFA8F3009DF9F1 /* RVKContentView.h */ = {isa = PBXFileReference; lastKnownFileType = sourcecode.c.h; path = RVKContentView.h; sourceTree = "<group>"; };
		FA32A86B2CDFA8F3009DF9F1 /* NBOptions.h */ = {isa = PBXFileReference; lastKnownFileType = sourcecode.c.h; path = NBOptions.h; sourceTree = "<group>"; };
		FA32A86C2CDFA8F3009DF9F1 /* RVKScene.h */ = {isa = PBXFileReference; lastKnownFileType = sourcecode.c.h; path = RVKScene.h; sourceTree = "<group>"; };
		FA32A86D2CDFA8F3009DF9F1 /* DTBaseViewController.h */ = {isa = PBXFileReference; lastKnownFileType = sourcecode.c.h; path = DTBaseViewController.h; sourceTree = "<group>"; };
		FA32A86E2CDFA8F3009DF9F1 /* RVKView.h */ = {isa = PBXFileReference; lastKnownFileType = sourcecode.c.h; path = RVKView.h; sourceTree = "<group>"; };
		FA32A86F2CDFA8F3009DF9F1 /* RVPTabBarManager.h */ = {isa = PBXFileReference; lastKnownFileType = sourcecode.c.h; path = RVPTabBarManager.h; sourceTree = "<group>"; };
		FA32A8702CDFA8F3009DF9F1 /* RVAViewControllerStatus.h */ = {isa = PBXFileReference; lastKnownFileType = sourcecode.c.h; path = RVAViewControllerStatus.h; sourceTree = "<group>"; };
		FA32A8712CDFA8F3009DF9F1 /* LIVActionProcessUnitActionRegistry.h */ = {isa = PBXFileReference; lastKnownFileType = sourcecode.c.h; path = LIVActionProcessUnitActionRegistry.h; sourceTree = "<group>"; };
		FA32A8722CDFA8F3009DF9F1 /* H5Alert.h */ = {isa = PBXFileReference; lastKnownFileType = sourcecode.c.h; path = H5Alert.h; sourceTree = "<group>"; };
		FA32A8732CDFA8F3009DF9F1 /* H5TabbarManager.h */ = {isa = PBXFileReference; lastKnownFileType = sourcecode.c.h; path = H5TabbarManager.h; sourceTree = "<group>"; };
		FA32A8742CDFA8F3009DF9F1 /* H5PullRefreshInterface.h */ = {isa = PBXFileReference; lastKnownFileType = sourcecode.c.h; path = H5PullRefreshInterface.h; sourceTree = "<group>"; };
		FA32A8752CDFA8F3009DF9F1 /* RVAPVReporter.h */ = {isa = PBXFileReference; lastKnownFileType = sourcecode.c.h; path = RVAPVReporter.h; sourceTree = "<group>"; };
		FA32A8762CDFA8F3009DF9F1 /* H5Options.h */ = {isa = PBXFileReference; lastKnownFileType = sourcecode.c.h; path = H5Options.h; sourceTree = "<group>"; };
		FA32A8772CDFA8F3009DF9F1 /* AUSearchBar.h */ = {isa = PBXFileReference; lastKnownFileType = sourcecode.c.h; path = AUSearchBar.h; sourceTree = "<group>"; };
		FA32A8782CDFA8F3009DF9F1 /* RVKKernel.h */ = {isa = PBXFileReference; lastKnownFileType = sourcecode.c.h; path = RVKKernel.h; sourceTree = "<group>"; };
		FA32A8792CDFA8F3009DF9F1 /* RVAOptions.h */ = {isa = PBXFileReference; lastKnownFileType = sourcecode.c.h; path = RVAOptions.h; sourceTree = "<group>"; };
		FA32A87A2CDFA8F3009DF9F1 /* AURefreshView.h */ = {isa = PBXFileReference; lastKnownFileType = sourcecode.c.h; path = AURefreshView.h; sourceTree = "<group>"; };
		FA32A87B2CDFA8F3009DF9F1 /* H5AdjustFontControl.h */ = {isa = PBXFileReference; lastKnownFileType = sourcecode.c.h; path = H5AdjustFontControl.h; sourceTree = "<group>"; };
		FA32A87D2CDFA8F3009DF9F1 /* TabBarProtocol-Protocol.h */ = {isa = PBXFileReference; lastKnownFileType = sourcecode.c.h; path = "TabBarProtocol-Protocol.h"; sourceTree = "<group>"; };
		FA32A87E2CDFA8F3009DF9F1 /* RVKContentViewProtocol-Protocol.h */ = {isa = PBXFileReference; lastKnownFileType = sourcecode.c.h; path = "RVKContentViewProtocol-Protocol.h"; sourceTree = "<group>"; };
		FA32A87F2CDFA8F3009DF9F1 /* AUDialogDelegate-Protocol.h */ = {isa = PBXFileReference; lastKnownFileType = sourcecode.c.h; path = "AUDialogDelegate-Protocol.h"; sourceTree = "<group>"; };
		FA32A8802CDFA8F3009DF9F1 /* RVATabBarProtocol-Protocol.h */ = {isa = PBXFileReference; lastKnownFileType = sourcecode.c.h; path = "RVATabBarProtocol-Protocol.h"; sourceTree = "<group>"; };
		FA32A8812CDFA8F3009DF9F1 /* RVKContentViewDelegate-Protocol.h */ = {isa = PBXFileReference; lastKnownFileType = sourcecode.c.h; path = "RVKContentViewDelegate-Protocol.h"; sourceTree = "<group>"; };
		FA32A8822CDFA8F3009DF9F1 /* AntTranslatePageStatusDelegate-Protocol.h */ = {isa = PBXFileReference; lastKnownFileType = sourcecode.c.h; path = "AntTranslatePageStatusDelegate-Protocol.h"; sourceTree = "<group>"; };
		FA32A8832CDFA8F3009DF9F1 /* RVAOptionsProtocol-Protocol.h */ = {isa = PBXFileReference; lastKnownFileType = sourcecode.c.h; path = "RVAOptionsProtocol-Protocol.h"; sourceTree = "<group>"; };
		FA32A8842CDFA8F3009DF9F1 /* RVAWebViewCustomUIDelegate-Protocol.h */ = {isa = PBXFileReference; lastKnownFileType = sourcecode.c.h; path = "RVAWebViewCustomUIDelegate-Protocol.h"; sourceTree = "<group>"; };
		FA32A8852CDFA8F3009DF9F1 /* RVKEventTargetProtocol-Protocol.h */ = {isa = PBXFileReference; lastKnownFileType = sourcecode.c.h; path = "RVKEventTargetProtocol-Protocol.h"; sourceTree = "<group>"; };
		FA32A8862CDFA8F3009DF9F1 /* LIVActionProcessUnit-Protocol.h */ = {isa = PBXFileReference; lastKnownFileType = sourcecode.c.h; path = "LIVActionProcessUnit-Protocol.h"; sourceTree = "<group>"; };
		FA32A8872CDFA8F3009DF9F1 /* PSDContentViewDelegate-Protocol.h */ = {isa = PBXFileReference; lastKnownFileType = sourcecode.c.h; path = "PSDContentViewDelegate-Protocol.h"; sourceTree = "<group>"; };
		FA32A8882CDFA8F3009DF9F1 /* UIPreviewActionItem-Protocol.h */ = {isa = PBXFileReference; lastKnownFileType = sourcecode.c.h; path = "UIPreviewActionItem-Protocol.h"; sourceTree = "<group>"; };
		FA32A8892CDFA8F3009DF9F1 /* NBComponentViewControllerProtocol-Protocol.h */ = {isa = PBXFileReference; lastKnownFileType = sourcecode.c.h; path = "NBComponentViewControllerProtocol-Protocol.h"; sourceTree = "<group>"; };
		FA32A88A2CDFA8F3009DF9F1 /* RVKPluginProtocol-Protocol.h */ = {isa = PBXFileReference; lastKnownFileType = sourcecode.c.h; path = "RVKPluginProtocol-Protocol.h"; sourceTree = "<group>"; };
		FA32A88B2CDFA8F3009DF9F1 /* UIGestureRecognizerDelegate-Protocol.h */ = {isa = PBXFileReference; lastKnownFileType = sourcecode.c.h; path = "UIGestureRecognizerDelegate-Protocol.h"; sourceTree = "<group>"; };
		FA32A88C2CDFA8F3009DF9F1 /* UIAlertViewDelegate-Protocol.h */ = {isa = PBXFileReference; lastKnownFileType = sourcecode.c.h; path = "UIAlertViewDelegate-Protocol.h"; sourceTree = "<group>"; };
		FA32A88D2CDFA8F3009DF9F1 /* DTNavigationBarAppearanceProtocol-Protocol.h */ = {isa = PBXFileReference; lastKnownFileType = sourcecode.c.h; path = "DTNavigationBarAppearanceProtocol-Protocol.h"; sourceTree = "<group>"; };
		FA32A88E2CDFA8F3009DF9F1 /* RVKViewControllerLifeDelegate-Protocol.h */ = {isa = PBXFileReference; lastKnownFileType = sourcecode.c.h; path = "RVKViewControllerLifeDelegate-Protocol.h"; sourceTree = "<group>"; };
		FA32A88F2CDFA8F3009DF9F1 /* RVKViewControllerProtocol-Protocol.h */ = {isa = PBXFileReference; lastKnownFileType = sourcecode.c.h; path = "RVKViewControllerProtocol-Protocol.h"; sourceTree = "<group>"; };
		FA32A8902CDFA8F3009DF9F1 /* PSDPluginProtocol-Protocol.h */ = {isa = PBXFileReference; lastKnownFileType = sourcecode.c.h; path = "PSDPluginProtocol-Protocol.h"; sourceTree = "<group>"; };
		FA32A8912CDFA8F3009DF9F1 /* UITabBarDelegate-Protocol.h */ = {isa = PBXFileReference; lastKnownFileType = sourcecode.c.h; path = "UITabBarDelegate-Protocol.h"; sourceTree = "<group>"; };
		FA32A8922CDFA8F3009DF9F1 /* RVKSceneNode-Protocol.h */ = {isa = PBXFileReference; lastKnownFileType = sourcecode.c.h; path = "RVKSceneNode-Protocol.h"; sourceTree = "<group>"; };
		FA32A8932CDFA8F3009DF9F1 /* RVKViewNode-Protocol.h */ = {isa = PBXFileReference; lastKnownFileType = sourcecode.c.h; path = "RVKViewNode-Protocol.h"; sourceTree = "<group>"; };
		FA32A8942CDFA8F3009DF9F1 /* RVKExpandoProtocol-Protocol.h */ = {isa = PBXFileReference; lastKnownFileType = sourcecode.c.h; path = "RVKExpandoProtocol-Protocol.h"; sourceTree = "<group>"; };
		FA32A8952CDFA8F3009DF9F1 /* UIScrollViewDelegate-Protocol.h */ = {isa = PBXFileReference; lastKnownFileType = sourcecode.c.h; path = "UIScrollViewDelegate-Protocol.h"; sourceTree = "<group>"; };
		FA32A8962CDFA8F3009DF9F1 /* UITextFieldDelegate-Protocol.h */ = {isa = PBXFileReference; lastKnownFileType = sourcecode.c.h; path = "UITextFieldDelegate-Protocol.h"; sourceTree = "<group>"; };
		FA32A8972CDFA8F3009DF9F1 /* AUSearchBarDelegate-Protocol.h */ = {isa = PBXFileReference; lastKnownFileType = sourcecode.c.h; path = "AUSearchBarDelegate-Protocol.h"; sourceTree = "<group>"; };
		FA32A8982CDFA8F3009DF9F1 /* NSObject-Protocol.h */ = {isa = PBXFileReference; lastKnownFileType = sourcecode.c.h; path = "NSObject-Protocol.h"; sourceTree = "<group>"; };
		FA32A8992CDFA8F3009DF9F1 /* DTCustomNavigationBarProtocol-Protocol.h */ = {isa = PBXFileReference; lastKnownFileType = sourcecode.c.h; path = "DTCustomNavigationBarProtocol-Protocol.h"; sourceTree = "<group>"; };
		FA32A89A2CDFA8F3009DF9F1 /* CAAnimationDelegate-Protocol.h */ = {isa = PBXFileReference; lastKnownFileType = sourcecode.c.h; path = "CAAnimationDelegate-Protocol.h"; sourceTree = "<group>"; };
		FA32A89B2CDFA8F3009DF9F1 /* AURefreshViewDelegate-Protocol.h */ = {isa = PBXFileReference; lastKnownFileType = sourcecode.c.h; path = "AURefreshViewDelegate-Protocol.h"; sourceTree = "<group>"; };
		FA32A89C2CDFA8F3009DF9F1 /* H5MenuActionDelegate-Protocol.h */ = {isa = PBXFileReference; lastKnownFileType = sourcecode.c.h; path = "H5MenuActionDelegate-Protocol.h"; sourceTree = "<group>"; };
		FA32A89D2CDFA8F3009DF9F1 /* RVKSceneSubClass-Protocol.h */ = {isa = PBXFileReference; lastKnownFileType = sourcecode.c.h; path = "RVKSceneSubClass-Protocol.h"; sourceTree = "<group>"; };
		FA32A89E2CDFA8F3009DF9F1 /* AUSearchTitleViewDelegate-Protocol.h */ = {isa = PBXFileReference; lastKnownFileType = sourcecode.c.h; path = "AUSearchTitleViewDelegate-Protocol.h"; sourceTree = "<group>"; };
		FA32A89F2CDFA8F3009DF9F1 /* RVAContentViewPageDelegate-Protocol.h */ = {isa = PBXFileReference; lastKnownFileType = sourcecode.c.h; path = "RVAContentViewPageDelegate-Protocol.h"; sourceTree = "<group>"; };
		FA32A8A22CDFA8FA009DF9F1 /* RVKContentView.h */ = {isa = PBXFileReference; lastKnownFileType = sourcecode.c.h; path = RVKContentView.h; sourceTree = "<group>"; };
		FA32A8A42CDFA8FA009DF9F1 /* RVKContentViewProtocol-Protocol.h */ = {isa = PBXFileReference; lastKnownFileType = sourcecode.c.h; path = "RVKContentViewProtocol-Protocol.h"; sourceTree = "<group>"; };
		FA32A8A52CDFA8FA009DF9F1 /* WKNavigationDelegate-Protocol.h */ = {isa = PBXFileReference; lastKnownFileType = sourcecode.c.h; path = "WKNavigationDelegate-Protocol.h"; sourceTree = "<group>"; };
		FA32A8A62CDFA8FA009DF9F1 /* RVKJsBridgeInterface-Protocol.h */ = {isa = PBXFileReference; lastKnownFileType = sourcecode.c.h; path = "RVKJsBridgeInterface-Protocol.h"; sourceTree = "<group>"; };
		FA32A8A72CDFA8FA009DF9F1 /* NSObject-Protocol.h */ = {isa = PBXFileReference; lastKnownFileType = sourcecode.c.h; path = "NSObject-Protocol.h"; sourceTree = "<group>"; };
		FA32A8A82CDFA8FA009DF9F1 /* WKUIDelegate-Protocol.h */ = {isa = PBXFileReference; lastKnownFileType = sourcecode.c.h; path = "WKUIDelegate-Protocol.h"; sourceTree = "<group>"; };
		FA32A8A92CDFA8FA009DF9F1 /* PSDJsBridge.h */ = {isa = PBXFileReference; lastKnownFileType = sourcecode.c.h; path = PSDJsBridge.h; sourceTree = "<group>"; };
		FA32A8AA2CDFA8FA009DF9F1 /* RVKJsBridge.h */ = {isa = PBXFileReference; lastKnownFileType = sourcecode.c.h; path = RVKJsBridge.h; sourceTree = "<group>"; };
		FA32A8AB2CDFAA50009DF9F1 /* AntForestManager.h */ = {isa = PBXFileReference; lastKnownFileType = sourcecode.c.h; path = AntForestManager.h; sourceTree = "<group>"; };
		FA32A8AC2CDFAA50009DF9F1 /* AntForestManager.m */ = {isa = PBXFileReference; lastKnownFileType = sourcecode.c.objc; path = AntForestManager.m; sourceTree = "<group>"; };
		FA32A8B12CDFAF85009DF9F1 /* RVKSession.h */ = {isa = PBXFileReference; lastKnownFileType = sourcecode.c.h; path = RVKSession.h; sourceTree = "<group>"; };
		FA32A8B22CDFAF85009DF9F1 /* PSDSession.h */ = {isa = PBXFileReference; lastKnownFileType = sourcecode.c.h; path = PSDSession.h; sourceTree = "<group>"; };
		FA32A8B32CDFAF85009DF9F1 /* DTRpcAsyncCaller.h */ = {isa = PBXFileReference; lastKnownFileType = sourcecode.c.h; path = DTRpcAsyncCaller.h; sourceTree = "<group>"; };
		FA32A8B42CDFAF85009DF9F1 /* RVKKernel.h */ = {isa = PBXFileReference; lastKnownFileType = sourcecode.c.h; path = RVKKernel.h; sourceTree = "<group>"; };
		FA32A8B52CDFAF85009DF9F1 /* H5RPCCaller.h */ = {isa = PBXFileReference; lastKnownFileType = sourcecode.c.h; path = H5RPCCaller.h; sourceTree = "<group>"; };
		FA32A8B72CDFAF85009DF9F1 /* RVKEventTargetProtocol-Protocol.h */ = {isa = PBXFileReference; lastKnownFileType = sourcecode.c.h; path = "RVKEventTargetProtocol-Protocol.h"; sourceTree = "<group>"; };
		FA32A8B82CDFAF85009DF9F1 /* RVKSessionNode-Protocol.h */ = {isa = PBXFileReference; lastKnownFileType = sourcecode.c.h; path = "RVKSessionNode-Protocol.h"; sourceTree = "<group>"; };
		FA32A8B92CDFAF85009DF9F1 /* RVKPluginProtocol-Protocol.h */ = {isa = PBXFileReference; lastKnownFileType = sourcecode.c.h; path = "RVKPluginProtocol-Protocol.h"; sourceTree = "<group>"; };
		FA32A8BA2CDFAF85009DF9F1 /* RVKExpandoProtocol-Protocol.h */ = {isa = PBXFileReference; lastKnownFileType = sourcecode.c.h; path = "RVKExpandoProtocol-Protocol.h"; sourceTree = "<group>"; };
		FA32A8BB2CDFAF85009DF9F1 /* NSObject-Protocol.h */ = {isa = PBXFileReference; lastKnownFileType = sourcecode.c.h; path = "NSObject-Protocol.h"; sourceTree = "<group>"; };
		FAB1AB482CE1BAAB00877598 /* DFContext.h */ = {isa = PBXFileReference; lastKnownFileType = sourcecode.c.h; path = DFContext.h; sourceTree = "<group>"; };
		FAB1AB492CE1BAAB00877598 /* DTContext.h */ = {isa = PBXFileReference; lastKnownFileType = sourcecode.c.h; path = DTContext.h; sourceTree = "<group>"; };
		FAB1AB4B2CE1BAAB00877598 /* UNUserNotificationCenterDelegate-Protocol.h */ = {isa = PBXFileReference; lastKnownFileType = sourcecode.c.h; path = "UNUserNotificationCenterDelegate-Protocol.h"; sourceTree = "<group>"; };
		FAB1AB4C2CE1BAAB00877598 /* NSObject-Protocol.h */ = {isa = PBXFileReference; lastKnownFileType = sourcecode.c.h; path = "NSObject-Protocol.h"; sourceTree = "<group>"; };
		FAB1AB4D2CE1BAAB00877598 /* UIApplicationDelegate-Protocol.h */ = {isa = PBXFileReference; lastKnownFileType = sourcecode.c.h; path = "UIApplicationDelegate-Protocol.h"; sourceTree = "<group>"; };
		FAB1AB4E2CE1BAAB00877598 /* PKPushRegistryDelegate-Protocol.h */ = {isa = PBXFileReference; lastKnownFileType = sourcecode.c.h; path = "PKPushRegistryDelegate-Protocol.h"; sourceTree = "<group>"; };
		FAB1AB4F2CE1BAAB00877598 /* DFClientDelegate.h */ = {isa = PBXFileReference; lastKnownFileType = sourcecode.c.h; path = DFClientDelegate.h; sourceTree = "<group>"; };
		FAB1AB7D2CE1C19C00877598 /* Tool.m */ = {isa = PBXFileReference; fileEncoding = 4; lastKnownFileType = sourcecode.c.objc; path = Tool.m; sourceTree = "<group>"; };
		FAB1AB7E2CE1C19C00877598 /* UIView+Toast.h */ = {isa = PBXFileReference; fileEncoding = 4; lastKnownFileType = sourcecode.c.h; path = "UIView+Toast.h"; sourceTree = "<group>"; };
		FAB1AB7F2CE1C19C00877598 /* Tool.h */ = {isa = PBXFileReference; fileEncoding = 4; lastKnownFileType = sourcecode.c.h; path = Tool.h; sourceTree = "<group>"; };
		FAB1AB802CE1C19C00877598 /* XMLReader.m */ = {isa = PBXFileReference; fileEncoding = 4; lastKnownFileType = sourcecode.c.objc; path = XMLReader.m; sourceTree = "<group>"; };
		FAB1AB812CE1C19C00877598 /* UIView+Toast.m */ = {isa = PBXFileReference; fileEncoding = 4; lastKnownFileType = sourcecode.c.objc; path = "UIView+Toast.m"; sourceTree = "<group>"; };
		FAB1AB892CE1C30200877598 /* CoreGraphics.framework */ = {isa = PBXFileReference; lastKnownFileType = wrapper.framework; name = CoreGraphics.framework; path = Platforms/MacOSX.platform/Developer/SDKs/MacOSX13.1.sdk/System/Library/Frameworks/CoreGraphics.framework; sourceTree = DEVELOPER_DIR; };
		FAB1AB8B2CE1E44A00877598 /* BgRun.h */ = {isa = PBXFileReference; lastKnownFileType = sourcecode.c.h; path = BgRun.h; sourceTree = "<group>"; };
		FAB1AB8C2CE1E44A00877598 /* BgRun.m */ = {isa = PBXFileReference; lastKnownFileType = sourcecode.c.objc; path = BgRun.m; sourceTree = "<group>"; };
		FAB1AB8F2CE1E6D600877598 /* AVFAudio.framework */ = {isa = PBXFileReference; lastKnownFileType = wrapper.framework; name = AVFAudio.framework; path = Platforms/MacOSX.platform/Developer/SDKs/MacOSX13.1.sdk/System/Library/Frameworks/AVFAudio.framework; sourceTree = DEVELOPER_DIR; };
		FAB1AB912CE22D0500877598 /* blankcaf.h */ = {isa = PBXFileReference; fileEncoding = 4; lastKnownFileType = sourcecode.c.h; path = blankcaf.h; sourceTree = "<group>"; };
		FAB1AB922CE22D0600877598 /* beginwav.h */ = {isa = PBXFileReference; fileEncoding = 4; lastKnownFileType = sourcecode.c.h; path = beginwav.h; sourceTree = "<group>"; };
/* End PBXFileReference section */

/* Begin PBXFrameworksBuildPhase section */
		FA32A8482CDFA6D1009DF9F1 /* Frameworks */ = {
			isa = PBXFrameworksBuildPhase;
			buildActionMask = 2147483647;
			files = (
				FAB1AB902CE1E6D600877598 /* AVFAudio.framework in Frameworks */,
				FAB1AB8A2CE1C30200877598 /* CoreGraphics.framework in Frameworks */,
				FA32A8502CDFA6D1009DF9F1 /* Foundation.framework in Frameworks */,
				FA32A8522CDFA6D1009DF9F1 /* UIKit.framework in Frameworks */,
			);
			runOnlyForDeploymentPostprocessing = 0;
		};
/* End PBXFrameworksBuildPhase section */

/* Begin PBXGroup section */
		FA32A8422CDFA6D1009DF9F1 = {
			isa = PBXGroup;
			children = (
				FA32A8532CDFA6D1009DF9F1 /* antforest */,
				FA32A84E2CDFA6D1009DF9F1 /* Frameworks */,
				FA32A84D2CDFA6D1009DF9F1 /* Products */,
			);
			sourceTree = "<group>";
		};
		FA32A84D2CDFA6D1009DF9F1 /* Products */ = {
			isa = PBXGroup;
			children = (
				FA32A84C2CDFA6D1009DF9F1 /* antforest.dylib */,
			);
			name = Products;
			sourceTree = "<group>";
		};
		FA32A84E2CDFA6D1009DF9F1 /* Frameworks */ = {
			isa = PBXGroup;
			children = (
				FAB1AB8F2CE1E6D600877598 /* AVFAudio.framework */,
				FAB1AB892CE1C30200877598 /* CoreGraphics.framework */,
				FA32A84F2CDFA6D1009DF9F1 /* Foundation.framework */,
				FA32A8512CDFA6D1009DF9F1 /* UIKit.framework */,
			);
			name = Frameworks;
			sourceTree = "<group>";
		};
		FA32A8532CDFA6D1009DF9F1 /* antforest */ = {
			isa = PBXGroup;
			children = (
				FAB1AB7C2CE1C19C00877598 /* DebugTool */,
				FA32A8642CDFA8D6009DF9F1 /* Headers */,
				FA32A8592CDFA6D1009DF9F1 /* antforest.mm */,
				FA32A8542CDFA6D1009DF9F1 /* Package */,
				FA32A8572CDFA6D1009DF9F1 /* Supporting Files */,
				FA32A8AB2CDFAA50009DF9F1 /* AntForestManager.h */,
				FA32A8AC2CDFAA50009DF9F1 /* AntForestManager.m */,
			);
			path = antforest;
			sourceTree = "<group>";
		};
		FA32A8542CDFA6D1009DF9F1 /* Package */ = {
			isa = PBXGroup;
			children = (
				FA32A8552CDFA6D1009DF9F1 /* DEBIAN */,
				FA32A85B2CDFA6D1009DF9F1 /* Library */,
			);
			path = Package;
			sourceTree = "<group>";
		};
		FA32A8552CDFA6D1009DF9F1 /* DEBIAN */ = {
			isa = PBXGroup;
			children = (
				FA32A8562CDFA6D1009DF9F1 /* control */,
			);
			path = DEBIAN;
			sourceTree = "<group>";
		};
		FA32A8572CDFA6D1009DF9F1 /* Supporting Files */ = {
			isa = PBXGroup;
			children = (
				FA32A8582CDFA6D1009DF9F1 /* antforest-Prefix.pch */,
			);
			path = "Supporting Files";
			sourceTree = "<group>";
		};
		FA32A85B2CDFA6D1009DF9F1 /* Library */ = {
			isa = PBXGroup;
			children = (
				FA32A85C2CDFA6D1009DF9F1 /* MobileSubstrate */,
			);
			path = Library;
			sourceTree = "<group>";
		};
		FA32A85C2CDFA6D1009DF9F1 /* MobileSubstrate */ = {
			isa = PBXGroup;
			children = (
				FA32A85D2CDFA6D1009DF9F1 /* DynamicLibraries */,
			);
			path = MobileSubstrate;
			sourceTree = "<group>";
		};
		FA32A85D2CDFA6D1009DF9F1 /* DynamicLibraries */ = {
			isa = PBXGroup;
			children = (
				FA32A85E2CDFA6D1009DF9F1 /* antforest.plist */,
			);
			path = DynamicLibraries;
			sourceTree = "<group>";
		};
		FA32A8642CDFA8D6009DF9F1 /* Headers */ = {
			isa = PBXGroup;
			children = (
				FAB1AB462CE1BAAB00877598 /* DFClientDelegate */,
				FA32A8AF2CDFAF85009DF9F1 /* H5RPCCaller */,
				FA32A8A02CDFA8FA009DF9F1 /* PSDJsBridge */,
				FA32A8652CDFA8F3009DF9F1 /* H5WebViewController */,
			);
			path = Headers;
			sourceTree = "<group>";
		};
		FA32A8652CDFA8F3009DF9F1 /* H5WebViewController */ = {
			isa = PBXGroup;
			children = (
				FA32A8662CDFA8F3009DF9F1 /* H5WebViewController.h */,
				FA32A8672CDFA8F3009DF9F1 /* DTViewController.h */,
				FA32A8682CDFA8F3009DF9F1 /* Classes */,
				FA32A87C2CDFA8F3009DF9F1 /* Protocol */,
			);
			path = H5WebViewController;
			sourceTree = "<group>";
		};
		FA32A8682CDFA8F3009DF9F1 /* Classes */ = {
			isa = PBXGroup;
			children = (
				FA32A8692CDFA8F3009DF9F1 /* PSDView.h */,
				FA32A86A2CDFA8F3009DF9F1 /* RVKContentView.h */,
				FA32A86B2CDFA8F3009DF9F1 /* NBOptions.h */,
				FA32A86C2CDFA8F3009DF9F1 /* RVKScene.h */,
				FA32A86D2CDFA8F3009DF9F1 /* DTBaseViewController.h */,
				FA32A86E2CDFA8F3009DF9F1 /* RVKView.h */,
				FA32A86F2CDFA8F3009DF9F1 /* RVPTabBarManager.h */,
				FA32A8702CDFA8F3009DF9F1 /* RVAViewControllerStatus.h */,
				FA32A8712CDFA8F3009DF9F1 /* LIVActionProcessUnitActionRegistry.h */,
				FA32A8722CDFA8F3009DF9F1 /* H5Alert.h */,
				FA32A8732CDFA8F3009DF9F1 /* H5TabbarManager.h */,
				FA32A8742CDFA8F3009DF9F1 /* H5PullRefreshInterface.h */,
				FA32A8752CDFA8F3009DF9F1 /* RVAPVReporter.h */,
				FA32A8762CDFA8F3009DF9F1 /* H5Options.h */,
				FA32A8772CDFA8F3009DF9F1 /* AUSearchBar.h */,
				FA32A8782CDFA8F3009DF9F1 /* RVKKernel.h */,
				FA32A8792CDFA8F3009DF9F1 /* RVAOptions.h */,
				FA32A87A2CDFA8F3009DF9F1 /* AURefreshView.h */,
				FA32A87B2CDFA8F3009DF9F1 /* H5AdjustFontControl.h */,
			);
			path = Classes;
			sourceTree = "<group>";
		};
		FA32A87C2CDFA8F3009DF9F1 /* Protocol */ = {
			isa = PBXGroup;
			children = (
				FA32A87D2CDFA8F3009DF9F1 /* TabBarProtocol-Protocol.h */,
				FA32A87E2CDFA8F3009DF9F1 /* RVKContentViewProtocol-Protocol.h */,
				FA32A87F2CDFA8F3009DF9F1 /* AUDialogDelegate-Protocol.h */,
				FA32A8802CDFA8F3009DF9F1 /* RVATabBarProtocol-Protocol.h */,
				FA32A8812CDFA8F3009DF9F1 /* RVKContentViewDelegate-Protocol.h */,
				FA32A8822CDFA8F3009DF9F1 /* AntTranslatePageStatusDelegate-Protocol.h */,
				FA32A8832CDFA8F3009DF9F1 /* RVAOptionsProtocol-Protocol.h */,
				FA32A8842CDFA8F3009DF9F1 /* RVAWebViewCustomUIDelegate-Protocol.h */,
				FA32A8852CDFA8F3009DF9F1 /* RVKEventTargetProtocol-Protocol.h */,
				FA32A8862CDFA8F3009DF9F1 /* LIVActionProcessUnit-Protocol.h */,
				FA32A8872CDFA8F3009DF9F1 /* PSDContentViewDelegate-Protocol.h */,
				FA32A8882CDFA8F3009DF9F1 /* UIPreviewActionItem-Protocol.h */,
				FA32A8892CDFA8F3009DF9F1 /* NBComponentViewControllerProtocol-Protocol.h */,
				FA32A88A2CDFA8F3009DF9F1 /* RVKPluginProtocol-Protocol.h */,
				FA32A88B2CDFA8F3009DF9F1 /* UIGestureRecognizerDelegate-Protocol.h */,
				FA32A88C2CDFA8F3009DF9F1 /* UIAlertViewDelegate-Protocol.h */,
				FA32A88D2CDFA8F3009DF9F1 /* DTNavigationBarAppearanceProtocol-Protocol.h */,
				FA32A88E2CDFA8F3009DF9F1 /* RVKViewControllerLifeDelegate-Protocol.h */,
				FA32A88F2CDFA8F3009DF9F1 /* RVKViewControllerProtocol-Protocol.h */,
				FA32A8902CDFA8F3009DF9F1 /* PSDPluginProtocol-Protocol.h */,
				FA32A8912CDFA8F3009DF9F1 /* UITabBarDelegate-Protocol.h */,
				FA32A8922CDFA8F3009DF9F1 /* RVKSceneNode-Protocol.h */,
				FA32A8932CDFA8F3009DF9F1 /* RVKViewNode-Protocol.h */,
				FA32A8942CDFA8F3009DF9F1 /* RVKExpandoProtocol-Protocol.h */,
				FA32A8952CDFA8F3009DF9F1 /* UIScrollViewDelegate-Protocol.h */,
				FA32A8962CDFA8F3009DF9F1 /* UITextFieldDelegate-Protocol.h */,
				FA32A8972CDFA8F3009DF9F1 /* AUSearchBarDelegate-Protocol.h */,
				FA32A8982CDFA8F3009DF9F1 /* NSObject-Protocol.h */,
				FA32A8992CDFA8F3009DF9F1 /* DTCustomNavigationBarProtocol-Protocol.h */,
				FA32A89A2CDFA8F3009DF9F1 /* CAAnimationDelegate-Protocol.h */,
				FA32A89B2CDFA8F3009DF9F1 /* AURefreshViewDelegate-Protocol.h */,
				FA32A89C2CDFA8F3009DF9F1 /* H5MenuActionDelegate-Protocol.h */,
				FA32A89D2CDFA8F3009DF9F1 /* RVKSceneSubClass-Protocol.h */,
				FA32A89E2CDFA8F3009DF9F1 /* AUSearchTitleViewDelegate-Protocol.h */,
				FA32A89F2CDFA8F3009DF9F1 /* RVAContentViewPageDelegate-Protocol.h */,
			);
			path = Protocol;
			sourceTree = "<group>";
		};
		FA32A8A02CDFA8FA009DF9F1 /* PSDJsBridge */ = {
			isa = PBXGroup;
			children = (
				FA32A8A12CDFA8FA009DF9F1 /* Classes */,
				FA32A8A32CDFA8FA009DF9F1 /* Protocol */,
				FA32A8A92CDFA8FA009DF9F1 /* PSDJsBridge.h */,
				FA32A8AA2CDFA8FA009DF9F1 /* RVKJsBridge.h */,
			);
			path = PSDJsBridge;
			sourceTree = "<group>";
		};
		FA32A8A12CDFA8FA009DF9F1 /* Classes */ = {
			isa = PBXGroup;
			children = (
				FA32A8A22CDFA8FA009DF9F1 /* RVKContentView.h */,
			);
			path = Classes;
			sourceTree = "<group>";
		};
		FA32A8A32CDFA8FA009DF9F1 /* Protocol */ = {
			isa = PBXGroup;
			children = (
				FA32A8A42CDFA8FA009DF9F1 /* RVKContentViewProtocol-Protocol.h */,
				FA32A8A52CDFA8FA009DF9F1 /* WKNavigationDelegate-Protocol.h */,
				FA32A8A62CDFA8FA009DF9F1 /* RVKJsBridgeInterface-Protocol.h */,
				FA32A8A72CDFA8FA009DF9F1 /* NSObject-Protocol.h */,
				FA32A8A82CDFA8FA009DF9F1 /* WKUIDelegate-Protocol.h */,
			);
			path = Protocol;
			sourceTree = "<group>";
		};
		FA32A8AF2CDFAF85009DF9F1 /* H5RPCCaller */ = {
			isa = PBXGroup;
			children = (
				FA32A8B02CDFAF85009DF9F1 /* Classes */,
				FA32A8B52CDFAF85009DF9F1 /* H5RPCCaller.h */,
				FA32A8B62CDFAF85009DF9F1 /* Protocol */,
			);
			path = H5RPCCaller;
			sourceTree = "<group>";
		};
		FA32A8B02CDFAF85009DF9F1 /* Classes */ = {
			isa = PBXGroup;
			children = (
				FA32A8B12CDFAF85009DF9F1 /* RVKSession.h */,
				FA32A8B22CDFAF85009DF9F1 /* PSDSession.h */,
				FA32A8B32CDFAF85009DF9F1 /* DTRpcAsyncCaller.h */,
				FA32A8B42CDFAF85009DF9F1 /* RVKKernel.h */,
			);
			path = Classes;
			sourceTree = "<group>";
		};
		FA32A8B62CDFAF85009DF9F1 /* Protocol */ = {
			isa = PBXGroup;
			children = (
				FA32A8B72CDFAF85009DF9F1 /* RVKEventTargetProtocol-Protocol.h */,
				FA32A8B82CDFAF85009DF9F1 /* RVKSessionNode-Protocol.h */,
				FA32A8B92CDFAF85009DF9F1 /* RVKPluginProtocol-Protocol.h */,
				FA32A8BA2CDFAF85009DF9F1 /* RVKExpandoProtocol-Protocol.h */,
				FA32A8BB2CDFAF85009DF9F1 /* NSObject-Protocol.h */,
			);
			path = Protocol;
			sourceTree = "<group>";
		};
		FAB1AB462CE1BAAB00877598 /* DFClientDelegate */ = {
			isa = PBXGroup;
			children = (
				FAB1AB472CE1BAAB00877598 /* Classes */,
				FAB1AB4A2CE1BAAB00877598 /* Protocol */,
				FAB1AB4F2CE1BAAB00877598 /* DFClientDelegate.h */,
			);
			path = DFClientDelegate;
			sourceTree = "<group>";
		};
		FAB1AB472CE1BAAB00877598 /* Classes */ = {
			isa = PBXGroup;
			children = (
				FAB1AB482CE1BAAB00877598 /* DFContext.h */,
				FAB1AB492CE1BAAB00877598 /* DTContext.h */,
			);
			path = Classes;
			sourceTree = "<group>";
		};
		FAB1AB4A2CE1BAAB00877598 /* Protocol */ = {
			isa = PBXGroup;
			children = (
				FAB1AB4B2CE1BAAB00877598 /* UNUserNotificationCenterDelegate-Protocol.h */,
				FAB1AB4C2CE1BAAB00877598 /* NSObject-Protocol.h */,
				FAB1AB4D2CE1BAAB00877598 /* UIApplicationDelegate-Protocol.h */,
				FAB1AB4E2CE1BAAB00877598 /* PKPushRegistryDelegate-Protocol.h */,
			);
			path = Protocol;
			sourceTree = "<group>";
		};
		FAB1AB7C2CE1C19C00877598 /* DebugTool */ = {
			isa = PBXGroup;
			children = (
				FAB1AB922CE22D0600877598 /* beginwav.h */,
				FAB1AB912CE22D0500877598 /* blankcaf.h */,
				FAB1AB7D2CE1C19C00877598 /* Tool.m */,
				FAB1AB7E2CE1C19C00877598 /* UIView+Toast.h */,
				FAB1AB7F2CE1C19C00877598 /* Tool.h */,
				FAB1AB802CE1C19C00877598 /* XMLReader.m */,
				FAB1AB812CE1C19C00877598 /* UIView+Toast.m */,
				FAB1AB8B2CE1E44A00877598 /* BgRun.h */,
				FAB1AB8C2CE1E44A00877598 /* BgRun.m */,
			);
			path = DebugTool;
			sourceTree = "<group>";
		};
/* End PBXGroup section */

/* Begin PBXHeadersBuildPhase section */
		FA32A8492CDFA6D1009DF9F1 /* Headers */ = {
			isa = PBXHeadersBuildPhase;
			buildActionMask = 2147483647;
			files = (
				FAB1AB932CE22D0600877598 /* blankcaf.h in Headers */,
				FA32A8AD2CDFAA50009DF9F1 /* AntForestManager.h in Headers */,
				FAB1AB832CE1C19C00877598 /* UIView+Toast.h in Headers */,
				FAB1AB942CE22D0600877598 /* beginwav.h in Headers */,
				FAB1AB842CE1C19C00877598 /* Tool.h in Headers */,
				FAB1AB8D2CE1E44A00877598 /* BgRun.h in Headers */,
			);
			runOnlyForDeploymentPostprocessing = 0;
		};
/* End PBXHeadersBuildPhase section */

/* Begin PBXNativeTarget section */
		FA32A84B2CDFA6D1009DF9F1 /* antforest */ = {
			isa = PBXNativeTarget;
			buildConfigurationList = FA32A8612CDFA6D1009DF9F1 /* Build configuration list for PBXNativeTarget "antforest" */;
			buildPhases = (
				FA32A8472CDFA6D1009DF9F1 /* Sources */,
				FA32A8482CDFA6D1009DF9F1 /* Frameworks */,
				FA32A8492CDFA6D1009DF9F1 /* Headers */,
				FA32A84A2CDFA6D1009DF9F1 /* ShellScript */,
			);
			buildRules = (
			);
			dependencies = (
			);
			name = antforest;
			productName = antforest;
			productReference = FA32A84C2CDFA6D1009DF9F1 /* antforest.dylib */;
			productType = "com.apple.product-type.library.dynamic";
		};
/* End PBXNativeTarget section */

/* Begin PBXProject section */
		FA32A8432CDFA6D1009DF9F1 /* Project object */ = {
			isa = PBXProject;
			attributes = {
				BuildIndependentTargetsInParallel = 1;
				LastUpgradeCheck = 1420;
				TargetAttributes = {
					FA32A84B2CDFA6D1009DF9F1 = {
						CreatedOnToolsVersion = 14.2;
					};
				};
			};
			buildConfigurationList = FA32A8462CDFA6D1009DF9F1 /* Build configuration list for PBXProject "antforest" */;
			compatibilityVersion = "Xcode 14.0";
			developmentRegion = en;
			hasScannedForEncodings = 0;
			knownRegions = (
				en,
				Base,
			);
			mainGroup = FA32A8422CDFA6D1009DF9F1;
			productRefGroup = FA32A84D2CDFA6D1009DF9F1 /* Products */;
			projectDirPath = "";
			projectRoot = "";
			targets = (
				FA32A84B2CDFA6D1009DF9F1 /* antforest */,
			);
		};
/* End PBXProject section */

/* Begin PBXShellScriptBuildPhase section */
		FA32A84A2CDFA6D1009DF9F1 /* ShellScript */ = {
			isa = PBXShellScriptBuildPhase;
			buildActionMask = 2147483647;
			files = (
			);
			inputFileListPaths = (
			);
			inputPaths = (
			);
			outputFileListPaths = (
			);
			outputPaths = (
			);
			runOnlyForDeploymentPostprocessing = 0;
			shellPath = /bin/sh;
			shellScript = "/opt/MonkeyDev/bin/md --xcbp";
		};
/* End PBXShellScriptBuildPhase section */

/* Begin PBXSourcesBuildPhase section */
		FA32A8472CDFA6D1009DF9F1 /* Sources */ = {
			isa = PBXSourcesBuildPhase;
			buildActionMask = 2147483647;
			files = (
				FAB1AB8E2CE1E44A00877598 /* BgRun.m in Sources */,
				FAB1AB822CE1C19C00877598 /* Tool.m in Sources */,
				FA32A8AE2CDFAA50009DF9F1 /* AntForestManager.m in Sources */,
				FAB1AB852CE1C19C00877598 /* XMLReader.m in Sources */,
				FAB1AB862CE1C19C00877598 /* UIView+Toast.m in Sources */,
				FA32A85A2CDFA6D1009DF9F1 /* antforest.mm in Sources */,
			);
			runOnlyForDeploymentPostprocessing = 0;
		};
/* End PBXSourcesBuildPhase section */

/* Begin XCBuildConfiguration section */
		FA32A85F2CDFA6D1009DF9F1 /* Release */ = {
			isa = XCBuildConfiguration;
			buildSettings = {
				COPY_PHASE_STRIP = YES;
				EXCLUDED_RECURSIVE_SEARCH_PATH_SUBDIRECTORIES = "*.nib *.lproj *.gch (*) .DS_Store CVS .svn .git .hg *.xcodeproj *.xcode *.pbproj *.pbxproj";
				FRAMEWORK_SEARCH_PATHS = (
					"$(MonkeyDevPath)/frameworks/**",
					"$(MonkeyDevTheosPath)/vendor/lib",
				);
				GCC_C_LANGUAGE_STANDARD = gnu99;
				GCC_WARN_ABOUT_MISSING_PROTOTYPES = YES;
				GCC_WARN_ABOUT_RETURN_TYPE = YES;
				GCC_WARN_UNUSED_VARIABLE = YES;
				HEADER_SEARCH_PATHS = "$(MonkeyDevTheosPath)/vendor/include/**";
				IPHONEOS_DEPLOYMENT_TARGET = 8.0;
				LIBRARY_SEARCH_PATHS = "$(MonkeyDevTheosPath)/vendor/lib/**";
				MonkeyDevPath = /opt/MonkeyDev;
				MonkeyDevTheosPath = /opt/theos;
				OTHER_CFLAGS = "-DTHEOS_INSTANCE_NAME=\"\\\"antforest\\\"\"";
				SDKROOT = iphoneos;
				TARGETED_DEVICE_FAMILY = "1,2";
				VALIDATE_PRODUCT = YES;
			};
			name = Release;
		};
		FA32A8602CDFA6D1009DF9F1 /* Debug */ = {
			isa = XCBuildConfiguration;
			buildSettings = {
				COPY_PHASE_STRIP = NO;
				EXCLUDED_RECURSIVE_SEARCH_PATH_SUBDIRECTORIES = "*.nib *.lproj *.gch (*) .DS_Store CVS .svn .git .hg *.xcodeproj *.xcode *.pbproj *.pbxproj";
				FRAMEWORK_SEARCH_PATHS = (
					"$(MonkeyDevPath)/frameworks/**",
					"$(MonkeyDevTheosPath)/vendor/lib",
				);
				GCC_C_LANGUAGE_STANDARD = gnu99;
				GCC_DYNAMIC_NO_PIC = NO;
				GCC_OPTIMIZATION_LEVEL = 0;
				GCC_PREPROCESSOR_DEFINITIONS = (
					"DEBUG=1",
					"$(inherited)",
				);
				GCC_SYMBOLS_PRIVATE_EXTERN = NO;
				GCC_WARN_ABOUT_MISSING_PROTOTYPES = YES;
				GCC_WARN_ABOUT_RETURN_TYPE = YES;
				GCC_WARN_UNUSED_VARIABLE = YES;
				HEADER_SEARCH_PATHS = "$(MonkeyDevTheosPath)/vendor/include/**";
				IPHONEOS_DEPLOYMENT_TARGET = 8.0;
				LIBRARY_SEARCH_PATHS = "$(MonkeyDevTheosPath)/vendor/lib/**";
				MonkeyDevPath = /opt/MonkeyDev;
				MonkeyDevTheosPath = /opt/theos;
				ONLY_ACTIVE_ARCH = YES;
				OTHER_CFLAGS = "-DTHEOS_INSTANCE_NAME=\"\\\"antforest\\\"\"";
				SDKROOT = iphoneos;
				TARGETED_DEVICE_FAMILY = "1,2";
				VALIDATE_PRODUCT = NO;
			};
			name = Debug;
		};
		FA32A8622CDFA6D1009DF9F1 /* Release */ = {
			isa = XCBuildConfiguration;
			buildSettings = {
				CLANG_ENABLE_OBJC_ARC = YES;
				CODE_SIGNING_ALLOWED = NO;
				CODE_SIGN_IDENTITY = "";
				CODE_SIGN_STYLE = Automatic;
				DEVELOPMENT_TEAM = 9MV6T5P2UL;
				DYLIB_COMPATIBILITY_VERSION = 1;
				DYLIB_CURRENT_VERSION = 1;
				GCC_PRECOMPILE_PREFIX_HEADER = YES;
				GCC_PREFIX_HEADER = "antforest/antforest-Prefix.pch";
				HEADER_SEARCH_PATHS = (
					"$(MonkeyDevPath)/include",
					"$(MonkeyDevTheosPath)/vendor/include/**",
				);
				INSTALL_PATH = /Library/MobileSubstrate/DynamicLibraries;
				IPHONEOS_DEPLOYMENT_TARGET = 12.0;
				MonkeyDevBuildPackageOnAnyBuild = NO;
				MonkeyDevClearUiCacheOnInstall = NO;
				MonkeyDevCopyOnBuild = NO;
				MonkeyDevDeviceIP = iphone;
				MonkeyDevDevicePassword = "";
				MonkeyDevDevicePort = "";
				MonkeyDevInstallOnAnyBuild = YES;
				MonkeyDevInstallOnProfiling = YES;
				MonkeyDevkillProcessOnInstall = SpringBoard;
				PRODUCT_NAME = "$(TARGET_NAME)";
				TARGETED_DEVICE_FAMILY = "1,2";
			};
			name = Release;
		};
		FA32A8632CDFA6D1009DF9F1 /* Debug */ = {
			isa = XCBuildConfiguration;
			buildSettings = {
				CLANG_ENABLE_OBJC_ARC = YES;
				CODE_SIGNING_ALLOWED = NO;
				CODE_SIGN_IDENTITY = "";
				CODE_SIGN_STYLE = Automatic;
				DEVELOPMENT_TEAM = 9MV6T5P2UL;
				DYLIB_COMPATIBILITY_VERSION = 1;
				DYLIB_CURRENT_VERSION = 1;
				GCC_PRECOMPILE_PREFIX_HEADER = YES;
				GCC_PREFIX_HEADER = "antforest/antforest-Prefix.pch";
				HEADER_SEARCH_PATHS = (
					"$(MonkeyDevPath)/include",
					"$(MonkeyDevTheosPath)/vendor/include/**",
				);
				INSTALL_PATH = /Library/MobileSubstrate/DynamicLibraries;
				IPHONEOS_DEPLOYMENT_TARGET = 12.0;
				MonkeyDevBuildPackageOnAnyBuild = NO;
				MonkeyDevClearUiCacheOnInstall = NO;
				MonkeyDevCopyOnBuild = NO;
				MonkeyDevDeviceIP = iphone;
				MonkeyDevDevicePassword = "";
				MonkeyDevDevicePort = "";
				MonkeyDevInstallOnAnyBuild = YES;
				MonkeyDevInstallOnProfiling = YES;
				MonkeyDevkillProcessOnInstall = SpringBoard;
				PRODUCT_NAME = "$(TARGET_NAME)";
				TARGETED_DEVICE_FAMILY = "1,2";
			};
			name = Debug;
		};
/* End XCBuildConfiguration section */

/* Begin XCConfigurationList section */
		FA32A8462CDFA6D1009DF9F1 /* Build configuration list for PBXProject "antforest" */ = {
			isa = XCConfigurationList;
			buildConfigurations = (
				FA32A85F2CDFA6D1009DF9F1 /* Release */,
				FA32A8602CDFA6D1009DF9F1 /* Debug */,
			);
			defaultConfigurationIsVisible = 0;
			defaultConfigurationName = Release;
		};
		FA32A8612CDFA6D1009DF9F1 /* Build configuration list for PBXNativeTarget "antforest" */ = {
			isa = XCConfigurationList;
			buildConfigurations = (
				FA32A8622CDFA6D1009DF9F1 /* Release */,
				FA32A8632CDFA6D1009DF9F1 /* Debug */,
			);
			defaultConfigurationIsVisible = 0;
			defaultConfigurationName = Release;
		};
/* End XCConfigurationList section */
	};
	rootObject = FA32A8432CDFA6D1009DF9F1 /* Project object */;
}
